
Microsoft Visual Studio Solution File, Format Version 12.00
# Visual Studio 15
VisualStudioVersion = 15.0.28307.438
MinimumVisualStudioVersion = 10.0.40219.1
Project("{FAE04EC0-301F-11D3-BF4B-00C04F79EFBC}") = "TreeTest", "TreeTest\TreeTest.csproj", "{58F8E1F1-233E-47C6-8159-AA7484A046F5}"
EndProject
Global
	GlobalSection(SolutionConfigurationPlatforms) = preSolution
		Debug|Any CPU = Debug|Any CPU
		Release|Any CPU = Release|Any CPU
	EndGlobalSection
	GlobalSection(ProjectConfigurationPlatforms) = postSolution
		{58F8E1F1-233E-47C6-8159-AA7484A046F5}.Debug|Any CPU.ActiveCfg = Debug|Any CPU
		{58F8E1F1-233E-47C6-8159-AA7484A046F5}.Debug|Any CPU.Build.0 = Debug|Any CPU
		{58F8E1F1-233E-47C6-8159-AA7484A046F5}.Release|Any CPU.ActiveCfg = Release|Any CPU
		{58F8E1F1-233E-47C6-8159-AA7484A046F5}.Release|Any CPU.Build.0 = Release|Any CPU
	EndGlobalSection
	GlobalSection(SolutionProperties) = preSolution
		HideSolutionNode = FALSE
	EndGlobalSection
	GlobalSection(ExtensibilityGlobals) = postSolution
		SolutionGuid = {DCFF608A-078E-484B-9514-72C0EC08DF45}
	EndGlobalSection
EndGlobal
